{
  "pid": 2247,
  "startedAt": "2026-03-12T01:43:56.292Z",
  "unitType": "complete-slice",
  "unitId": "M001/S01",
  "unitStartedAt": "2026-03-12T01:43:56.292Z",
  "completedUnits": 3,
  "sessionFile": "/Users/dylanvazquez/.gsd/sessions/--Users-dylanvazquez-Desktop-contractors-connect--/2026-03-12T01-43-56-292Z_e29ead97-f425-40dc-b01b-e89c02957f11.jsonl"
}