{
  "pid": 2247,
  "startedAt": "2026-03-12T01:41:36.469Z",
  "unitType": "execute-task",
  "unitId": "M001/S01/T02",
  "unitStartedAt": "2026-03-12T01:41:36.469Z",
  "completedUnits": 1,
  "sessionFile": "/Users/dylanvazquez/.gsd/sessions/--Users-dylanvazquez-Desktop-contractors-connect--/2026-03-12T01-41-36-469Z_697523d8-0cf9-4d69-bc7a-dbcad4d0e531.jsonl"
}