{
  "pid": 2247,
  "startedAt": "2026-03-12T01:34:54.347Z",
  "unitType": "execute-task",
  "unitId": "M001/S01/T01",
  "unitStartedAt": "2026-03-12T01:34:54.347Z",
  "completedUnits": 0,
  "sessionFile": "/Users/dylanvazquez/.gsd/sessions/--Users-dylanvazquez-Desktop-contractors-connect--/2026-03-12T01-34-54-346Z_72be3966-52ad-45e1-a8c1-d105e0994822.jsonl"
}